
Microsoft Visual Studio Solution File, Format Version 12.00
# Visual Studio Version 16
VisualStudioVersion = 16.0.29215.179
MinimumVisualStudioVersion = 10.0.40219.1
Project("{9A19103F-16F7-4668-BE54-9A1E7A4F7556}") = "UserReg", "UserReg.csproj", "{1B576A30-7B50-4432-BEA3-9C9348E8DAA7}"
EndProject
Project("{9A19103F-16F7-4668-BE54-9A1E7A4F7556}") = "UserRegAPI", "..\UserRegAPI\UserRegAPI.csproj", "{D5546839-1929-4A39-912A-788C14CDA812}"
EndProject
Global
	GlobalSection(SolutionConfigurationPlatforms) = preSolution
		Debug|Any CPU = Debug|Any CPU
		Release|Any CPU = Release|Any CPU
	EndGlobalSection
	GlobalSection(ProjectConfigurationPlatforms) = postSolution
		{1B576A30-7B50-4432-BEA3-9C9348E8DAA7}.Debug|Any CPU.ActiveCfg = Debug|Any CPU
		{1B576A30-7B50-4432-BEA3-9C9348E8DAA7}.Debug|Any CPU.Build.0 = Debug|Any CPU
		{1B576A30-7B50-4432-BEA3-9C9348E8DAA7}.Release|Any CPU.ActiveCfg = Release|Any CPU
		{1B576A30-7B50-4432-BEA3-9C9348E8DAA7}.Release|Any CPU.Build.0 = Release|Any CPU
		{D5546839-1929-4A39-912A-788C14CDA812}.Debug|Any CPU.ActiveCfg = Debug|Any CPU
		{D5546839-1929-4A39-912A-788C14CDA812}.Debug|Any CPU.Build.0 = Debug|Any CPU
		{D5546839-1929-4A39-912A-788C14CDA812}.Release|Any CPU.ActiveCfg = Release|Any CPU
		{D5546839-1929-4A39-912A-788C14CDA812}.Release|Any CPU.Build.0 = Release|Any CPU
	EndGlobalSection
	GlobalSection(SolutionProperties) = preSolution
		HideSolutionNode = FALSE
	EndGlobalSection
	GlobalSection(ExtensibilityGlobals) = postSolution
		SolutionGuid = {F06BB4A2-E679-48D0-99F4-1C2BB3E052FE}
	EndGlobalSection
EndGlobal
